{
  "name": "todolist",
  "version": "0.1.0",
  "lockfileVersion": 1,
  "requires": true,
  "dependencies": {
    "react-flip-move": {
      "version": "3.0.1",
      "resolved": "https://registry.npmjs.org/react-flip-move/-/react-flip-move-3.0.1.tgz",
      "integrity": "sha512-yIN0mRSJpKOrelM63FlxzU2aUGRoJBFPEschcIC4/GPuPczGLmGpx/+rXn8lr7I3r7dPQnVhaufU/cbQGbptIA=="
    }
  }
}
